// !$*UTF8*$!
{
	archiveVersion = 1;
	classes = {
	};
	objectVersion = 50;
	objects = {

/* Begin PBXBuildFile section */
		A932516B229A0EE200D93B5D /* AppDelegate.swift in Sources */ = {isa = PBXBuildFile; fileRef = A932516A229A0EE200D93B5D /* AppDelegate.swift */; };
		A932516D229A0EE200D93B5D /* MainView.swift in Sources */ = {isa = PBXBuildFile; fileRef = A932516C229A0EE200D93B5D /* MainView.swift */; };
		A9325170229A0EE200D93B5D /* Main.storyboard in Resources */ = {isa = PBXBuildFile; fileRef = A932516E229A0EE200D93B5D /* Main.storyboard */; };
		A9325172229A0EE400D93B5D /* Assets.xcassets in Resources */ = {isa = PBXBuildFile; fileRef = A9325171229A0EE400D93B5D /* Assets.xcassets */; };
		A9325175229A0EE400D93B5D /* LaunchScreen.storyboard in Resources */ = {isa = PBXBuildFile; fileRef = A9325173229A0EE400D93B5D /* LaunchScreen.storyboard */; };
		A9325182229A4B0400D93B5D /* Heros.swift in Sources */ = {isa = PBXBuildFile; fileRef = A9325181229A4B0400D93B5D /* Heros.swift */; };
		A9325184229A4B1000D93B5D /* Girls.swift in Sources */ = {isa = PBXBuildFile; fileRef = A9325183229A4B1000D93B5D /* Girls.swift */; };
		A9325186229A4C1400D93B5D /* Core.swift in Sources */ = {isa = PBXBuildFile; fileRef = A9325185229A4C1400D93B5D /* Core.swift */; };
		A9325188229B12EF00D93B5D /* WODDetailViewController.swift in Sources */ = {isa = PBXBuildFile; fileRef = A9325187229B12EF00D93B5D /* WODDetailViewController.swift */; };
		A932518C22A0DA2100D93B5D /* FilterViewController.swift in Sources */ = {isa = PBXBuildFile; fileRef = A932518B22A0DA2100D93B5D /* FilterViewController.swift */; };
		A9F5ACD222B099C80023CA49 /* Model.swift in Sources */ = {isa = PBXBuildFile; fileRef = A9F5ACD122B099C80023CA49 /* Model.swift */; };
		A9F5ACD422C07A3B0023CA49 /* FilterButton.swift in Sources */ = {isa = PBXBuildFile; fileRef = A9F5ACD322C07A3B0023CA49 /* FilterButton.swift */; };
		A9F5ACD723035C430023CA49 /* FilterCollection.swift in Sources */ = {isa = PBXBuildFile; fileRef = A9F5ACD623035C430023CA49 /* FilterCollection.swift */; };
		A9F5ACD9230666D00023CA49 /* FilterCollectionCell.swift in Sources */ = {isa = PBXBuildFile; fileRef = A9F5ACD8230666D00023CA49 /* FilterCollectionCell.swift */; };
		A9F5ACDB230E290F0023CA49 /* FilterCollectionSectionHeaderView.swift in Sources */ = {isa = PBXBuildFile; fileRef = A9F5ACDA230E290F0023CA49 /* FilterCollectionSectionHeaderView.swift */; };
/* End PBXBuildFile section */

/* Begin PBXFileReference section */
		A9325167229A0EE200D93B5D /* CrossFit WOD.app */ = {isa = PBXFileReference; explicitFileType = wrapper.application; includeInIndex = 0; path = "CrossFit WOD.app"; sourceTree = BUILT_PRODUCTS_DIR; };
		A932516A229A0EE200D93B5D /* AppDelegate.swift */ = {isa = PBXFileReference; lastKnownFileType = sourcecode.swift; path = AppDelegate.swift; sourceTree = "<group>"; };
		A932516C229A0EE200D93B5D /* MainView.swift */ = {isa = PBXFileReference; lastKnownFileType = sourcecode.swift; path = MainView.swift; sourceTree = "<group>"; };
		A932516F229A0EE200D93B5D /* Base */ = {isa = PBXFileReference; lastKnownFileType = file.storyboard; name = Base; path = Base.lproj/Main.storyboard; sourceTree = "<group>"; };
		A9325171229A0EE400D93B5D /* Assets.xcassets */ = {isa = PBXFileReference; lastKnownFileType = folder.assetcatalog; path = Assets.xcassets; sourceTree = "<group>"; };
		A9325174229A0EE400D93B5D /* Base */ = {isa = PBXFileReference; lastKnownFileType = file.storyboard; name = Base; path = Base.lproj/LaunchScreen.storyboard; sourceTree = "<group>"; };
		A9325176229A0EE400D93B5D /* Info.plist */ = {isa = PBXFileReference; lastKnownFileType = text.plist.xml; path = Info.plist; sourceTree = "<group>"; };
		A9325181229A4B0400D93B5D /* Heros.swift */ = {isa = PBXFileReference; lastKnownFileType = sourcecode.swift; path = Heros.swift; sourceTree = "<group>"; };
		A9325183229A4B1000D93B5D /* Girls.swift */ = {isa = PBXFileReference; lastKnownFileType = sourcecode.swift; path = Girls.swift; sourceTree = "<group>"; };
		A9325185229A4C1400D93B5D /* Core.swift */ = {isa = PBXFileReference; lastKnownFileType = sourcecode.swift; path = Core.swift; sourceTree = "<group>"; };
		A9325187229B12EF00D93B5D /* WODDetailViewController.swift */ = {isa = PBXFileReference; lastKnownFileType = sourcecode.swift; path = WODDetailViewController.swift; sourceTree = "<group>"; };
		A932518B22A0DA2100D93B5D /* FilterViewController.swift */ = {isa = PBXFileReference; lastKnownFileType = sourcecode.swift; path = FilterViewController.swift; sourceTree = "<group>"; };
		A9F5ACD122B099C80023CA49 /* Model.swift */ = {isa = PBXFileReference; lastKnownFileType = sourcecode.swift; path = Model.swift; sourceTree = "<group>"; };
		A9F5ACD322C07A3B0023CA49 /* FilterButton.swift */ = {isa = PBXFileReference; lastKnownFileType = sourcecode.swift; path = FilterButton.swift; sourceTree = "<group>"; };
		A9F5ACD623035C430023CA49 /* FilterCollection.swift */ = {isa = PBXFileReference; lastKnownFileType = sourcecode.swift; path = FilterCollection.swift; sourceTree = "<group>"; };
		A9F5ACD8230666D00023CA49 /* FilterCollectionCell.swift */ = {isa = PBXFileReference; lastKnownFileType = sourcecode.swift; path = FilterCollectionCell.swift; sourceTree = "<group>"; };
		A9F5ACDA230E290F0023CA49 /* FilterCollectionSectionHeaderView.swift */ = {isa = PBXFileReference; lastKnownFileType = sourcecode.swift; path = FilterCollectionSectionHeaderView.swift; sourceTree = "<group>"; };
/* End PBXFileReference section */

/* Begin PBXFrameworksBuildPhase section */
		A9325164229A0EE200D93B5D /* Frameworks */ = {
			isa = PBXFrameworksBuildPhase;
			buildActionMask = 2147483647;
			files = (
			);
			runOnlyForDeploymentPostprocessing = 0;
		};
/* End PBXFrameworksBuildPhase section */

/* Begin PBXGroup section */
		A932515E229A0EE200D93B5D = {
			isa = PBXGroup;
			children = (
				A9325169229A0EE200D93B5D /* CrossFit WOD */,
				A9325168229A0EE200D93B5D /* Products */,
			);
			sourceTree = "<group>";
		};
		A9325168229A0EE200D93B5D /* Products */ = {
			isa = PBXGroup;
			children = (
				A9325167229A0EE200D93B5D /* CrossFit WOD.app */,
			);
			name = Products;
			sourceTree = "<group>";
		};
		A9325169229A0EE200D93B5D /* CrossFit WOD */ = {
			isa = PBXGroup;
			children = (
				A932516A229A0EE200D93B5D /* AppDelegate.swift */,
				A932516C229A0EE200D93B5D /* MainView.swift */,
				A932516E229A0EE200D93B5D /* Main.storyboard */,
				A9325187229B12EF00D93B5D /* WODDetailViewController.swift */,
				A932518B22A0DA2100D93B5D /* FilterViewController.swift */,
				A9F5ACD322C07A3B0023CA49 /* FilterButton.swift */,
				A9F5ACD522D14A4E0023CA49 /* Model */,
				A9325171229A0EE400D93B5D /* Assets.xcassets */,
				A9325180229A4AD800D93B5D /* Workouts */,
				A9325173229A0EE400D93B5D /* LaunchScreen.storyboard */,
				A9325176229A0EE400D93B5D /* Info.plist */,
				A9F5ACD623035C430023CA49 /* FilterCollection.swift */,
				A9F5ACD8230666D00023CA49 /* FilterCollectionCell.swift */,
				A9F5ACDA230E290F0023CA49 /* FilterCollectionSectionHeaderView.swift */,
			);
			path = "CrossFit WOD";
			sourceTree = "<group>";
		};
		A9325180229A4AD800D93B5D /* Workouts */ = {
			isa = PBXGroup;
			children = (
				A9325181229A4B0400D93B5D /* Heros.swift */,
				A9325183229A4B1000D93B5D /* Girls.swift */,
				A9325185229A4C1400D93B5D /* Core.swift */,
			);
			path = Workouts;
			sourceTree = "<group>";
		};
		A9F5ACD522D14A4E0023CA49 /* Model */ = {
			isa = PBXGroup;
			children = (
				A9F5ACD122B099C80023CA49 /* Model.swift */,
			);
			path = Model;
			sourceTree = "<group>";
		};
/* End PBXGroup section */

/* Begin PBXNativeTarget section */
		A9325166229A0EE200D93B5D /* CrossFit WOD */ = {
			isa = PBXNativeTarget;
			buildConfigurationList = A9325179229A0EE400D93B5D /* Build configuration list for PBXNativeTarget "CrossFit WOD" */;
			buildPhases = (
				A9325163229A0EE200D93B5D /* Sources */,
				A9325164229A0EE200D93B5D /* Frameworks */,
				A9325165229A0EE200D93B5D /* Resources */,
			);
			buildRules = (
			);
			dependencies = (
			);
			name = "CrossFit WOD";
			productName = "CrossFit WOD";
			productReference = A9325167229A0EE200D93B5D /* CrossFit WOD.app */;
			productType = "com.apple.product-type.application";
		};
/* End PBXNativeTarget section */

/* Begin PBXProject section */
		A932515F229A0EE200D93B5D /* Project object */ = {
			isa = PBXProject;
			attributes = {
				LastSwiftUpdateCheck = 1020;
				LastUpgradeCheck = 1020;
				ORGANIZATIONNAME = HappyWorld;
				TargetAttributes = {
					A9325166229A0EE200D93B5D = {
						CreatedOnToolsVersion = 10.2;
					};
				};
			};
			buildConfigurationList = A9325162229A0EE200D93B5D /* Build configuration list for PBXProject "CrossFit WOD" */;
			compatibilityVersion = "Xcode 9.3";
			developmentRegion = en;
			hasScannedForEncodings = 0;
			knownRegions = (
				en,
				Base,
			);
			mainGroup = A932515E229A0EE200D93B5D;
			productRefGroup = A9325168229A0EE200D93B5D /* Products */;
			projectDirPath = "";
			projectRoot = "";
			targets = (
				A9325166229A0EE200D93B5D /* CrossFit WOD */,
			);
		};
/* End PBXProject section */

/* Begin PBXResourcesBuildPhase section */
		A9325165229A0EE200D93B5D /* Resources */ = {
			isa = PBXResourcesBuildPhase;
			buildActionMask = 2147483647;
			files = (
				A9325175229A0EE400D93B5D /* LaunchScreen.storyboard in Resources */,
				A9325172229A0EE400D93B5D /* Assets.xcassets in Resources */,
				A9325170229A0EE200D93B5D /* Main.storyboard in Resources */,
			);
			runOnlyForDeploymentPostprocessing = 0;
		};
/* End PBXResourcesBuildPhase section */

/* Begin PBXSourcesBuildPhase section */
		A9325163229A0EE200D93B5D /* Sources */ = {
			isa = PBXSourcesBuildPhase;
			buildActionMask = 2147483647;
			files = (
				A932518C22A0DA2100D93B5D /* FilterViewController.swift in Sources */,
				A9F5ACDB230E290F0023CA49 /* FilterCollectionSectionHeaderView.swift in Sources */,
				A9F5ACD9230666D00023CA49 /* FilterCollectionCell.swift in Sources */,
				A9F5ACD422C07A3B0023CA49 /* FilterButton.swift in Sources */,
				A9325188229B12EF00D93B5D /* WODDetailViewController.swift in Sources */,
				A9F5ACD723035C430023CA49 /* FilterCollection.swift in Sources */,
				A932516D229A0EE200D93B5D /* MainView.swift in Sources */,
				A932516B229A0EE200D93B5D /* AppDelegate.swift in Sources */,
				A9325186229A4C1400D93B5D /* Core.swift in Sources */,
				A9325182229A4B0400D93B5D /* Heros.swift in Sources */,
				A9325184229A4B1000D93B5D /* Girls.swift in Sources */,
				A9F5ACD222B099C80023CA49 /* Model.swift in Sources */,
			);
			runOnlyForDeploymentPostprocessing = 0;
		};
/* End PBXSourcesBuildPhase section */

/* Begin PBXVariantGroup section */
		A932516E229A0EE200D93B5D /* Main.storyboard */ = {
			isa = PBXVariantGroup;
			children = (
				A932516F229A0EE200D93B5D /* Base */,
			);
			name = Main.storyboard;
			sourceTree = "<group>";
		};
		A9325173229A0EE400D93B5D /* LaunchScreen.storyboard */ = {
			isa = PBXVariantGroup;
			children = (
				A9325174229A0EE400D93B5D /* Base */,
			);
			name = LaunchScreen.storyboard;
			sourceTree = "<group>";
		};
/* End PBXVariantGroup section */

/* Begin XCBuildConfiguration section */
		A9325177229A0EE400D93B5D /* Debug */ = {
			isa = XCBuildConfiguration;
			buildSettings = {
				ALWAYS_SEARCH_USER_PATHS = NO;
				CLANG_ANALYZER_NONNULL = YES;
				CLANG_ANALYZER_NUMBER_OBJECT_CONVERSION = YES_AGGRESSIVE;
				CLANG_CXX_LANGUAGE_STANDARD = "gnu++14";
				CLANG_CXX_LIBRARY = "libc++";
				CLANG_ENABLE_MODULES = YES;
				CLANG_ENABLE_OBJC_ARC = YES;
				CLANG_ENABLE_OBJC_WEAK = YES;
				CLANG_WARN_BLOCK_CAPTURE_AUTORELEASING = YES;
				CLANG_WARN_BOOL_CONVERSION = YES;
				CLANG_WARN_COMMA = YES;
				CLANG_WARN_CONSTANT_CONVERSION = YES;
				CLANG_WARN_DEPRECATED_OBJC_IMPLEMENTATIONS = YES;
				CLANG_WARN_DIRECT_OBJC_ISA_USAGE = YES_ERROR;
				CLANG_WARN_DOCUMENTATION_COMMENTS = YES;
				CLANG_WARN_EMPTY_BODY = YES;
				CLANG_WARN_ENUM_CONVERSION = YES;
				CLANG_WARN_INFINITE_RECURSION = YES;
				CLANG_WARN_INT_CONVERSION = YES;
				CLANG_WARN_NON_LITERAL_NULL_CONVERSION = YES;
				CLANG_WARN_OBJC_IMPLICIT_RETAIN_SELF = YES;
				CLANG_WARN_OBJC_LITERAL_CONVERSION = YES;
				CLANG_WARN_OBJC_ROOT_CLASS = YES_ERROR;
				CLANG_WARN_RANGE_LOOP_ANALYSIS = YES;
				CLANG_WARN_STRICT_PROTOTYPES = YES;
				CLANG_WARN_SUSPICIOUS_MOVE = YES;
				CLANG_WARN_UNGUARDED_AVAILABILITY = YES_AGGRESSIVE;
				CLANG_WARN_UNREACHABLE_CODE = YES;
				CLANG_WARN__DUPLICATE_METHOD_MATCH = YES;
				CODE_SIGN_IDENTITY = "iPhone Developer";
				COPY_PHASE_STRIP = NO;
				DEBUG_INFORMATION_FORMAT = dwarf;
				ENABLE_STRICT_OBJC_MSGSEND = YES;
				ENABLE_TESTABILITY = YES;
				GCC_C_LANGUAGE_STANDARD = gnu11;
				GCC_DYNAMIC_NO_PIC = NO;
				GCC_NO_COMMON_BLOCKS = YES;
				GCC_OPTIMIZATION_LEVEL = 0;
				GCC_PREPROCESSOR_DEFINITIONS = (
					"DEBUG=1",
					"$(inherited)",
				);
				GCC_WARN_64_TO_32_BIT_CONVERSION = YES;
				GCC_WARN_ABOUT_RETURN_TYPE = YES_ERROR;
				GCC_WARN_UNDECLARED_SELECTOR = YES;
				GCC_WARN_UNINITIALIZED_AUTOS = YES_AGGRESSIVE;
				GCC_WARN_UNUSED_FUNCTION = YES;
				GCC_WARN_UNUSED_VARIABLE = YES;
				IPHONEOS_DEPLOYMENT_TARGET = 12.2;
				MTL_ENABLE_DEBUG_INFO = INCLUDE_SOURCE;
				MTL_FAST_MATH = YES;
				ONLY_ACTIVE_ARCH = YES;
				SDKROOT = iphoneos;
				SWIFT_ACTIVE_COMPILATION_CONDITIONS = DEBUG;
				SWIFT_OPTIMIZATION_LEVEL = "-Onone";
			};
			name = Debug;
		};
		A9325178229A0EE400D93B5D /* Release */ = {
			isa = XCBuildConfiguration;
			buildSettings = {
				ALWAYS_SEARCH_USER_PATHS = NO;
				CLANG_ANALYZER_NONNULL = YES;
				CLANG_ANALYZER_NUMBER_OBJECT_CONVERSION = YES_AGGRESSIVE;
				CLANG_CXX_LANGUAGE_STANDARD = "gnu++14";
				CLANG_CXX_LIBRARY = "libc++";
				CLANG_ENABLE_MODULES = YES;
				CLANG_ENABLE_OBJC_ARC = YES;
				CLANG_ENABLE_OBJC_WEAK = YES;
				CLANG_WARN_BLOCK_CAPTURE_AUTORELEASING = YES;
				CLANG_WARN_BOOL_CONVERSION = YES;
				CLANG_WARN_COMMA = YES;
				CLANG_WARN_CONSTANT_CONVERSION = YES;
				CLANG_WARN_DEPRECATED_OBJC_IMPLEMENTATIONS = YES;
				CLANG_WARN_DIRECT_OBJC_ISA_USAGE = YES_ERROR;
				CLANG_WARN_DOCUMENTATION_COMMENTS = YES;
				CLANG_WARN_EMPTY_BODY = YES;
				CLANG_WARN_ENUM_CONVERSION = YES;
				CLANG_WARN_INFINITE_RECURSION = YES;
				CLANG_WARN_INT_CONVERSION = YES;
				CLANG_WARN_NON_LITERAL_NULL_CONVERSION = YES;
				CLANG_WARN_OBJC_IMPLICIT_RETAIN_SELF = YES;
				CLANG_WARN_OBJC_LITERAL_CONVERSION = YES;
				CLANG_WARN_OBJC_ROOT_CLASS = YES_ERROR;
				CLANG_WARN_RANGE_LOOP_ANALYSIS = YES;
				CLANG_WARN_STRICT_PROTOTYPES = YES;
				CLANG_WARN_SUSPICIOUS_MOVE = YES;
				CLANG_WARN_UNGUARDED_AVAILABILITY = YES_AGGRESSIVE;
				CLANG_WARN_UNREACHABLE_CODE = YES;
				CLANG_WARN__DUPLICATE_METHOD_MATCH = YES;
				CODE_SIGN_IDENTITY = "iPhone Developer";
				COPY_PHASE_STRIP = NO;
				DEBUG_INFORMATION_FORMAT = "dwarf-with-dsym";
				ENABLE_NS_ASSERTIONS = NO;
				ENABLE_STRICT_OBJC_MSGSEND = YES;
				GCC_C_LANGUAGE_STANDARD = gnu11;
				GCC_NO_COMMON_BLOCKS = YES;
				GCC_WARN_64_TO_32_BIT_CONVERSION = YES;
				GCC_WARN_ABOUT_RETURN_TYPE = YES_ERROR;
				GCC_WARN_UNDECLARED_SELECTOR = YES;
				GCC_WARN_UNINITIALIZED_AUTOS = YES_AGGRESSIVE;
				GCC_WARN_UNUSED_FUNCTION = YES;
				GCC_WARN_UNUSED_VARIABLE = YES;
				IPHONEOS_DEPLOYMENT_TARGET = 12.2;
				MTL_ENABLE_DEBUG_INFO = NO;
				MTL_FAST_MATH = YES;
				SDKROOT = iphoneos;
				SWIFT_COMPILATION_MODE = wholemodule;
				SWIFT_OPTIMIZATION_LEVEL = "-O";
				VALIDATE_PRODUCT = YES;
			};
			name = Release;
		};
		A932517A229A0EE400D93B5D /* Debug */ = {
			isa = XCBuildConfiguration;
			buildSettings = {
				ASSETCATALOG_COMPILER_APPICON_NAME = AppIcon;
				CODE_SIGN_STYLE = Automatic;
				INFOPLIST_FILE = "CrossFit WOD/Info.plist";
				LD_RUNPATH_SEARCH_PATHS = (
					"$(inherited)",
					"@executable_path/Frameworks",
				);
				PRODUCT_BUNDLE_IDENTIFIER = "com.happyworld.CrossFit-WOD";
				PRODUCT_NAME = "$(TARGET_NAME)";
				SWIFT_VERSION = 5.0;
				TARGETED_DEVICE_FAMILY = "1,2";
			};
			name = Debug;
		};
		A932517B229A0EE400D93B5D /* Release */ = {
			isa = XCBuildConfiguration;
			buildSettings = {
				ASSETCATALOG_COMPILER_APPICON_NAME = AppIcon;
				CODE_SIGN_STYLE = Automatic;
				INFOPLIST_FILE = "CrossFit WOD/Info.plist";
				LD_RUNPATH_SEARCH_PATHS = (
					"$(inherited)",
					"@executable_path/Frameworks",
				);
				PRODUCT_BUNDLE_IDENTIFIER = "com.happyworld.CrossFit-WOD";
				PRODUCT_NAME = "$(TARGET_NAME)";
				SWIFT_VERSION = 5.0;
				TARGETED_DEVICE_FAMILY = "1,2";
			};
			name = Release;
		};
/* End XCBuildConfiguration section */

/* Begin XCConfigurationList section */
		A9325162229A0EE200D93B5D /* Build configuration list for PBXProject "CrossFit WOD" */ = {
			isa = XCConfigurationList;
			buildConfigurations = (
				A9325177229A0EE400D93B5D /* Debug */,
				A9325178229A0EE400D93B5D /* Release */,
			);
			defaultConfigurationIsVisible = 0;
			defaultConfigurationName = Release;
		};
		A9325179229A0EE400D93B5D /* Build configuration list for PBXNativeTarget "CrossFit WOD" */ = {
			isa = XCConfigurationList;
			buildConfigurations = (
				A932517A229A0EE400D93B5D /* Debug */,
				A932517B229A0EE400D93B5D /* Release */,
			);
			defaultConfigurationIsVisible = 0;
			defaultConfigurationName = Release;
		};
/* End XCConfigurationList section */
	};
	rootObject = A932515F229A0EE200D93B5D /* Project object */;
}
